
Microsoft Visual Studio Solution File, Format Version 12.00
# Visual Studio Version 16
VisualStudioVersion = 16.0.30011.22
MinimumVisualStudioVersion = 10.0.40219.1
Project("{2150E333-8FDC-42A3-9474-1A3956D46DE8}") = "src", "src", "{E50B6B0F-310E-4F49-8127-00C0F4E57F40}"
EndProject
Project("{2150E333-8FDC-42A3-9474-1A3956D46DE8}") = "test", "test", "{5BAF0E41-AAC2-40EC-AC03-4EEE5F568ED2}"
EndProject
Project("{2150E333-8FDC-42A3-9474-1A3956D46DE8}") = "Solution Items", "Solution Items", "{7D52143A-B67E-42D7-B18B-BAC8E8F5CAEF}"
	ProjectSection(SolutionItems) = preProject
		..\README.md = ..\README.md
	EndProjectSection
EndProject
Project("{9A19103F-16F7-4668-BE54-9A1E7A4F7556}") = "PkcsExtenions", "src\PkcsExtenions\PkcsExtenions.csproj", "{60055172-89E3-4666-999E-CB77D200D5F2}"
EndProject
Project("{9A19103F-16F7-4668-BE54-9A1E7A4F7556}") = "PkcsExtenions.Tests", "test\PkcsExtenions.Tests\PkcsExtenions.Tests.csproj", "{FED28E11-16F8-4012-8598-FE508F7E5DE1}"
EndProject
Project("{9A19103F-16F7-4668-BE54-9A1E7A4F7556}") = "PkcsExtenions.UsageTests", "test\PkcsExtenions.UsageTests\PkcsExtenions.UsageTests.csproj", "{DB5ACEAA-2F2D-4729-848D-8C5DD4382D80}"
EndProject
Global
	GlobalSection(SolutionConfigurationPlatforms) = preSolution
		Debug|Any CPU = Debug|Any CPU
		Release|Any CPU = Release|Any CPU
	EndGlobalSection
	GlobalSection(ProjectConfigurationPlatforms) = postSolution
		{60055172-89E3-4666-999E-CB77D200D5F2}.Debug|Any CPU.ActiveCfg = Debug|Any CPU
		{60055172-89E3-4666-999E-CB77D200D5F2}.Debug|Any CPU.Build.0 = Debug|Any CPU
		{60055172-89E3-4666-999E-CB77D200D5F2}.Release|Any CPU.ActiveCfg = Release|Any CPU
		{60055172-89E3-4666-999E-CB77D200D5F2}.Release|Any CPU.Build.0 = Release|Any CPU
		{FED28E11-16F8-4012-8598-FE508F7E5DE1}.Debug|Any CPU.ActiveCfg = Debug|Any CPU
		{FED28E11-16F8-4012-8598-FE508F7E5DE1}.Debug|Any CPU.Build.0 = Debug|Any CPU
		{FED28E11-16F8-4012-8598-FE508F7E5DE1}.Release|Any CPU.ActiveCfg = Release|Any CPU
		{FED28E11-16F8-4012-8598-FE508F7E5DE1}.Release|Any CPU.Build.0 = Release|Any CPU
		{DB5ACEAA-2F2D-4729-848D-8C5DD4382D80}.Debug|Any CPU.ActiveCfg = Debug|Any CPU
		{DB5ACEAA-2F2D-4729-848D-8C5DD4382D80}.Debug|Any CPU.Build.0 = Debug|Any CPU
		{DB5ACEAA-2F2D-4729-848D-8C5DD4382D80}.Release|Any CPU.ActiveCfg = Release|Any CPU
		{DB5ACEAA-2F2D-4729-848D-8C5DD4382D80}.Release|Any CPU.Build.0 = Release|Any CPU
	EndGlobalSection
	GlobalSection(SolutionProperties) = preSolution
		HideSolutionNode = FALSE
	EndGlobalSection
	GlobalSection(NestedProjects) = preSolution
		{60055172-89E3-4666-999E-CB77D200D5F2} = {E50B6B0F-310E-4F49-8127-00C0F4E57F40}
		{FED28E11-16F8-4012-8598-FE508F7E5DE1} = {5BAF0E41-AAC2-40EC-AC03-4EEE5F568ED2}
		{DB5ACEAA-2F2D-4729-848D-8C5DD4382D80} = {5BAF0E41-AAC2-40EC-AC03-4EEE5F568ED2}
	EndGlobalSection
	GlobalSection(ExtensibilityGlobals) = postSolution
		SolutionGuid = {9447E283-DABA-4716-94B8-CB0E898EE0B0}
	EndGlobalSection
EndGlobal
